Microsoft Visual Studio Solution File, Format Version 12.00
# Visual Studio Version 17
VisualStudioVersion = 17.5.2.0
MinimumVisualStudioVersion = 10.0.40219.1
Project("{FAE04EC0-301F-11D3-BF4B-00C04F79EFBC}") = "IvyBackend", "IvyBackend.csproj", "{15820941-0828-2630-3675-ADA5B36FE2CC}"
EndProject
Global
	GlobalSection(SolutionConfigurationPlatforms) = preSolution
		Debug|Any CPU = Debug|Any CPU
		Release|Any CPU = Release|Any CPU
	EndGlobalSection
	GlobalSection(ProjectConfigurationPlatforms) = postSolution
		{15820941-0828-2630-3675-ADA5B36FE2CC}.Debug|Any CPU.ActiveCfg = Debug|Any CPU
		{15820941-0828-2630-3675-ADA5B36FE2CC}.Debug|Any CPU.Build.0 = Debug|Any CPU
		{15820941-0828-2630-3675-ADA5B36FE2CC}.Release|Any CPU.ActiveCfg = Release|Any CPU
		{15820941-0828-2630-3675-ADA5B36FE2CC}.Release|Any CPU.Build.0 = Release|Any CPU
	EndGlobalSection
	GlobalSection(SolutionProperties) = preSolution
		HideSolutionNode = FALSE
	EndGlobalSection
	GlobalSection(ExtensibilityGlobals) = postSolution
		SolutionGuid = {2DC6480C-7163-4AA8-AF9F-A4EB4A1BA772}
	EndGlobalSection
EndGlobal
